{
  "name": "cat_age",
  "version": "1.0.0",
  "lockfileVersion": 2,
  "requires": true,
  "packages": {
    "": {
      "name": "cat_age",
      "version": "1.0.0",
      "license": "ISC",
      "dependencies": {
        "calendar-js": "^1.4.4",
        "cat-age-calculator": "^1.0.6"
      }
    },
    "node_modules/calendar-js": {
      "version": "1.4.4",
      "resolved": "https://registry.npmjs.org/calendar-js/-/calendar-js-1.4.4.tgz",
      "integrity": "sha512-KesBEbMZnjGzO/xl0ZcJVnezSRw3Xn/KaSUneY4LnANKlZwlllOtd6UGSyW8DSM+diUNi5dVVmSx4eZIMAA2Aw==",
      "engines": {
        "node": ">=4.6.0"
      }
    },
    "node_modules/cat-age-calculator": {
      "version": "1.0.6",
      "resolved": "https://registry.npmjs.org/cat-age-calculator/-/cat-age-calculator-1.0.6.tgz",
      "integrity": "sha512-kBwu13GKBuRGUJGIlUNf8Irb9eqFUle7v0TK/y7TFH9FWvj0ILyYGsoylppcTj/2lfgyud0MmHSkY8x7FXQpCw=="
    }
  },
  "dependencies": {
    "calendar-js": {
      "version": "1.4.4",
      "resolved": "https://registry.npmjs.org/calendar-js/-/calendar-js-1.4.4.tgz",
      "integrity": "sha512-KesBEbMZnjGzO/xl0ZcJVnezSRw3Xn/KaSUneY4LnANKlZwlllOtd6UGSyW8DSM+diUNi5dVVmSx4eZIMAA2Aw=="
    },
    "cat-age-calculator": {
      "version": "1.0.6",
      "resolved": "https://registry.npmjs.org/cat-age-calculator/-/cat-age-calculator-1.0.6.tgz",
      "integrity": "sha512-kBwu13GKBuRGUJGIlUNf8Irb9eqFUle7v0TK/y7TFH9FWvj0ILyYGsoylppcTj/2lfgyud0MmHSkY8x7FXQpCw=="
    }
  }
}
